
Microsoft Visual Studio Solution File, Format Version 12.00
# Visual Studio Version 16
VisualStudioVersion = 16.0.30320.27
MinimumVisualStudioVersion = 10.0.40219.1
Project("{FAE04EC0-301F-11D3-BF4B-00C04F79EFBC}") = "School-timetable", "School-timetable\School-timetable.csproj", "{DFF5AC51-159E-4FB8-9230-CFF0DB4D540C}"
EndProject
Global
	GlobalSection(SolutionConfigurationPlatforms) = preSolution
		Debug|Any CPU = Debug|Any CPU
		Release|Any CPU = Release|Any CPU
	EndGlobalSection
	GlobalSection(ProjectConfigurationPlatforms) = postSolution
		{DFF5AC51-159E-4FB8-9230-CFF0DB4D540C}.Debug|Any CPU.ActiveCfg = Debug|Any CPU
		{DFF5AC51-159E-4FB8-9230-CFF0DB4D540C}.Debug|Any CPU.Build.0 = Debug|Any CPU
		{DFF5AC51-159E-4FB8-9230-CFF0DB4D540C}.Release|Any CPU.ActiveCfg = Release|Any CPU
		{DFF5AC51-159E-4FB8-9230-CFF0DB4D540C}.Release|Any CPU.Build.0 = Release|Any CPU
	EndGlobalSection
	GlobalSection(SolutionProperties) = preSolution
		HideSolutionNode = FALSE
	EndGlobalSection
	GlobalSection(ExtensibilityGlobals) = postSolution
		SolutionGuid = {BAB14FD8-5B76-4749-B431-C2CC8583C97C}
	EndGlobalSection
EndGlobal
